<?xml version="1.0" encoding="utf-8"?>
<Project ToolsVersion="4.0" xmlns="http://schemas.microsoft.com/developer/msbuild/2003">
  <ItemGroup>
    <Filter Include="Source Files">
      <UniqueIdentifier>{6ba4109a-b203-4d46-b207-f58f609286dd}</UniqueIdentifier>
      <Extensions>cpp;c;cxx;rc;def;r;odl;idl;hpj;bat</Extensions>
    </Filter>
    <Filter Include="Header Files">
      <UniqueIdentifier>{e35ad2f1-23da-472e-848b-dda9cb6cade7}</UniqueIdentifier>
      <Extensions>h;hpp;hxx;hm;inl</Extensions>
    </Filter>
    <Filter Include="Resource Files">
      <UniqueIdentifier>{5bcca6c9-afec-4e39-ad0f-6003ffdd0cec}</UniqueIdentifier>
      <Extensions>ico;cur;bmp;dlg;rc2;rct;bin;rgs;gif;jpg;jpeg;jpe</Extensions>
    </Filter>
  </ItemGroup>
  <ItemGroup>
    <ClCompile Include="BackProp.cpp">
      <Filter>Source Files</Filter>
    </ClCompile>
    <ClCompile Include="Fl_Shaped_Window.cpp">
      <Filter>Source Files</Filter>
    </ClCompile>
    <ClCompile Include="GuiCommandLayer.cpp">
      <Filter>Source Files</Filter>
    </ClCompile>
    <ClCompile Include="LfsrCorrector.cpp">
      <Filter>Source Files</Filter>
    </ClCompile>
    <ClCompile Include="Logger.cpp">
      <Filter>Source Files</Filter>
    </ClCompile>
    <ClCompile Include="LpFilter.cpp">
      <Filter>Source Files</Filter>
    </ClCompile>
    <ClCompile Include="MersenneTwister.cpp">
      <Filter>Source Files</Filter>
    </ClCompile>
    <ClCompile Include="PsiCalc.cpp">
      <Filter>Source Files</Filter>
    </ClCompile>
    <ClCompile Include="PsiSeerApp.cpp">
      <Filter>Source Files</Filter>
    </ClCompile>
    <ClCompile Include="PsiSeerGui.cpp">
      <Filter>Source Files</Filter>
    </ClCompile>
    <ClCompile Include="PsiSeerGuiHelp.cpp">
      <Filter>Source Files</Filter>
    </ClCompile>
    <ClCompile Include="SessionPlot.cpp">
      <Filter>Source Files</Filter>
    </ClCompile>
    <ClCompile Include="StatsGroup.cpp">
      <Filter>Source Files</Filter>
    </ClCompile>
    <ClCompile Include="StatsKeeper.cpp">
      <Filter>Source Files</Filter>
    </ClCompile>
    <ClCompile Include="Types.c">
      <Filter>Source Files</Filter>
    </ClCompile>
    <ClCompile Include="Gamma.cpp">
      <Filter>Source Files</Filter>
    </ClCompile>
    <ClCompile Include="Stats.cpp">
      <Filter>Source Files</Filter>
    </ClCompile>
  </ItemGroup>
  <ItemGroup>
    <ClInclude Include="BackProp.H">
      <Filter>Header Files</Filter>
    </ClInclude>
    <ClInclude Include="BoundedRandomWalk.hpp">
      <Filter>Header Files</Filter>
    </ClInclude>
    <ClInclude Include="Fl_Shaped_Window.H">
      <Filter>Header Files</Filter>
    </ClInclude>
    <ClInclude Include="GuiCommandLayer.hpp">
      <Filter>Header Files</Filter>
    </ClInclude>
    <ClInclude Include="LfsrCorrector.hpp">
      <Filter>Header Files</Filter>
    </ClInclude>
    <ClInclude Include="LineChart.hpp">
      <Filter>Header Files</Filter>
    </ClInclude>
    <ClInclude Include="Logger.hpp">
      <Filter>Header Files</Filter>
    </ClInclude>
    <ClInclude Include="LpFilter.hpp">
      <Filter>Header Files</Filter>
    </ClInclude>
    <ClInclude Include="MersenneTwister.hpp">
      <Filter>Header Files</Filter>
    </ClInclude>
    <ClInclude Include="PsiSeerApp.hpp">
      <Filter>Header Files</Filter>
    </ClInclude>
    <ClInclude Include="PsiSeerGui.hpp">
      <Filter>Header Files</Filter>
    </ClInclude>
    <ClInclude Include="PsiSeerGuiHelp.hpp">
      <Filter>Header Files</Filter>
    </ClInclude>
    <ClInclude Include="psistats.h">
      <Filter>Header Files</Filter>
    </ClInclude>
    <ClInclude Include="SessionPlot.hpp">
      <Filter>Header Files</Filter>
    </ClInclude>
    <ClInclude Include="StatsGroup.hpp">
      <Filter>Header Files</Filter>
    </ClInclude>
    <ClInclude Include="StatsKeeper.hpp">
      <Filter>Header Files</Filter>
    </ClInclude>
    <ClInclude Include="stdint.h">
      <Filter>Header Files</Filter>
    </ClInclude>
    <ClInclude Include="Types.h">
      <Filter>Header Files</Filter>
    </ClInclude>
    <ClInclude Include="resource.h">
      <Filter>Header Files</Filter>
    </ClInclude>
    <ClInclude Include="Gamma.h">
      <Filter>Header Files</Filter>
    </ClInclude>
    <ClInclude Include="Stats.hpp">
      <Filter>Header Files</Filter>
    </ClInclude>
  </ItemGroup>
  <ItemGroup>
    <None Include="icon1.ico">
      <Filter>Resource Files</Filter>
    </None>
    <None Include="PsiTrainerA.ann" />
    <None Include="PsiTrainerB.ann" />
  </ItemGroup>
  <ItemGroup>
    <ResourceCompile Include="PsiSeerWinRc.rc">
      <Filter>Resource Files</Filter>
    </ResourceCompile>
  </ItemGroup>
</Project>